
Microsoft Visual Studio Solution File, Format Version 12.00
# Visual Studio Version 17
VisualStudioVersion = 17.1.32328.378
MinimumVisualStudioVersion = 10.0.40219.1
Project("{FAE04EC0-301F-11D3-BF4B-00C04F79EFBC}") = "FootballClubsAndPlayer", "FootballClubsAndPlayer\FootballClubsAndPlayer.csproj", "{F77C0251-D84E-48E3-AC66-A917FC59BCE3}"
EndProject
Project("{FAE04EC0-301F-11D3-BF4B-00C04F79EFBC}") = "Utilities", "Utilities\Utilities.csproj", "{9C4B3907-0EA4-4E15-9CBE-2370FC37001B}"
EndProject
Project("{FAE04EC0-301F-11D3-BF4B-00C04F79EFBC}") = "Entities", "Entities\Entities.csproj", "{93AF4B01-BD58-4E92-902E-CC49790F4994}"
EndProject
Project("{FAE04EC0-301F-11D3-BF4B-00C04F79EFBC}") = "DataAccess", "DataAccess\DataAccess.csproj", "{684F07EC-EEE8-4259-93EA-89198CE1D587}"
EndProject
Project("{FAE04EC0-301F-11D3-BF4B-00C04F79EFBC}") = "Business", "Business\Business.csproj", "{352CAEBC-9792-4F9A-84F3-BF06F31BD8F0}"
EndProject
Global
	GlobalSection(SolutionConfigurationPlatforms) = preSolution
		Debug|Any CPU = Debug|Any CPU
		Release|Any CPU = Release|Any CPU
	EndGlobalSection
	GlobalSection(ProjectConfigurationPlatforms) = postSolution
		{F77C0251-D84E-48E3-AC66-A917FC59BCE3}.Debug|Any CPU.ActiveCfg = Debug|Any CPU
		{F77C0251-D84E-48E3-AC66-A917FC59BCE3}.Debug|Any CPU.Build.0 = Debug|Any CPU
		{F77C0251-D84E-48E3-AC66-A917FC59BCE3}.Release|Any CPU.ActiveCfg = Release|Any CPU
		{F77C0251-D84E-48E3-AC66-A917FC59BCE3}.Release|Any CPU.Build.0 = Release|Any CPU
		{9C4B3907-0EA4-4E15-9CBE-2370FC37001B}.Debug|Any CPU.ActiveCfg = Debug|Any CPU
		{9C4B3907-0EA4-4E15-9CBE-2370FC37001B}.Debug|Any CPU.Build.0 = Debug|Any CPU
		{9C4B3907-0EA4-4E15-9CBE-2370FC37001B}.Release|Any CPU.ActiveCfg = Release|Any CPU
		{9C4B3907-0EA4-4E15-9CBE-2370FC37001B}.Release|Any CPU.Build.0 = Release|Any CPU
		{93AF4B01-BD58-4E92-902E-CC49790F4994}.Debug|Any CPU.ActiveCfg = Debug|Any CPU
		{93AF4B01-BD58-4E92-902E-CC49790F4994}.Debug|Any CPU.Build.0 = Debug|Any CPU
		{93AF4B01-BD58-4E92-902E-CC49790F4994}.Release|Any CPU.ActiveCfg = Release|Any CPU
		{93AF4B01-BD58-4E92-902E-CC49790F4994}.Release|Any CPU.Build.0 = Release|Any CPU
		{684F07EC-EEE8-4259-93EA-89198CE1D587}.Debug|Any CPU.ActiveCfg = Debug|Any CPU
		{684F07EC-EEE8-4259-93EA-89198CE1D587}.Debug|Any CPU.Build.0 = Debug|Any CPU
		{684F07EC-EEE8-4259-93EA-89198CE1D587}.Release|Any CPU.ActiveCfg = Release|Any CPU
		{684F07EC-EEE8-4259-93EA-89198CE1D587}.Release|Any CPU.Build.0 = Release|Any CPU
		{352CAEBC-9792-4F9A-84F3-BF06F31BD8F0}.Debug|Any CPU.ActiveCfg = Debug|Any CPU
		{352CAEBC-9792-4F9A-84F3-BF06F31BD8F0}.Debug|Any CPU.Build.0 = Debug|Any CPU
		{352CAEBC-9792-4F9A-84F3-BF06F31BD8F0}.Release|Any CPU.ActiveCfg = Release|Any CPU
		{352CAEBC-9792-4F9A-84F3-BF06F31BD8F0}.Release|Any CPU.Build.0 = Release|Any CPU
	EndGlobalSection
	GlobalSection(SolutionProperties) = preSolution
		HideSolutionNode = FALSE
	EndGlobalSection
	GlobalSection(ExtensibilityGlobals) = postSolution
		SolutionGuid = {95EE7464-F39D-425A-BE6A-DEA806094502}
	EndGlobalSection
EndGlobal
